
Microsoft Visual Studio Solution File, Format Version 12.00
# Visual Studio Version 16
VisualStudioVersion = 16.0.30503.244
MinimumVisualStudioVersion = 10.0.40219.1
Project("{FAE04EC0-301F-11D3-BF4B-00C04F79EFBC}") = "MemoryGame", "MemoryGame.csproj", "{AFD6179D-DF50-4BF4-9614-6541252AB048}"
EndProject
Global
	GlobalSection(SolutionConfigurationPlatforms) = preSolution
		Debug|Any CPU = Debug|Any CPU
		Release|Any CPU = Release|Any CPU
	EndGlobalSection
	GlobalSection(ProjectConfigurationPlatforms) = postSolution
		{AFD6179D-DF50-4BF4-9614-6541252AB048}.Debug|Any CPU.ActiveCfg = Debug|Any CPU
		{AFD6179D-DF50-4BF4-9614-6541252AB048}.Debug|Any CPU.Build.0 = Debug|Any CPU
		{AFD6179D-DF50-4BF4-9614-6541252AB048}.Release|Any CPU.ActiveCfg = Release|Any CPU
		{AFD6179D-DF50-4BF4-9614-6541252AB048}.Release|Any CPU.Build.0 = Release|Any CPU
	EndGlobalSection
	GlobalSection(SolutionProperties) = preSolution
		HideSolutionNode = FALSE
	EndGlobalSection
	GlobalSection(ExtensibilityGlobals) = postSolution
		SolutionGuid = {6A4AEFE7-36A3-4985-A3B7-5EA7324F9823}
	EndGlobalSection
EndGlobal
